{
	"name": "bitmap-explorer",
	"version": "0.1.0",
	"lockfileVersion": 3,
	"requires": true,
	"packages": {
		"": {
			"name": "bitmap-explorer",
			"version": "0.1.0",
			"license": "MIT",
			"dependencies": {
				"@isopodlabs/binary": "^1.11.0",
				"@isopodlabs/binary_bitmaps": "^1.9.1",
				"@isopodlabs/utilities": "^1.10.0",
				"@isopodlabs/vscode_utils": "^0.7.0"
			},
			"devDependencies": {
				"@types/node": "^18",
				"@types/vscode": "^1.75.0",
				"typescript": "^5.8.0"
			},
			"engines": {
				"vscode": "^1.75.0"
			}
		},
		"node_modules/@isopodlabs/binary": {
			"version": "1.11.0",
			"resolved": "https://registry.npmjs.org/@isopodlabs/binary/-/binary-1.11.0.tgz",
			"integrity": "sha512-026lgo3JejxXHNZOyEyGEHnKKikA3UHA6BOX9Dc8vZsASSjYGb7l6tka7aww2MGogZQfn5fE8e/faIyvOL/stQ==",
			"license": "MIT",
			"bin": {
				"copy-file": "scripts/copy-file.js"
			}
		},
		"node_modules/@isopodlabs/binary_bitmaps": {
			"version": "1.9.1",
			"resolved": "https://registry.npmjs.org/@isopodlabs/binary_bitmaps/-/binary_bitmaps-1.9.1.tgz",
			"integrity": "sha512-YZ+oFF2kG4VLvsES6MWLlxGrrPB/Zn5HvVPqoJF0Oytc8OE4E1p60gMW+rpDLF5ILF+k3BxcFpJNEB+12rH4Vg==",
			"license": "MIT",
			"dependencies": {
				"@isopodlabs/binary": "^1.11.0"
			}
		},
		"node_modules/@isopodlabs/utilities": {
			"version": "1.10.0",
			"resolved": "https://registry.npmjs.org/@isopodlabs/utilities/-/utilities-1.10.0.tgz",
			"integrity": "sha512-xvUlwAaUML3ZAQObj8u+/ESq8rxrzimhK3s/R/S3IHgfVQlChbWz+HEurecJAOifIU8hVWhAfmo/zpcpLithTQ==",
			"license": "MIT"
		},
		"node_modules/@isopodlabs/vscode_utils": {
			"version": "0.7.0",
			"resolved": "https://registry.npmjs.org/@isopodlabs/vscode_utils/-/vscode_utils-0.7.0.tgz",
			"integrity": "sha512-zrOqS8w/aXEkwdntMvwol6oTTqznDBn7dxBOIX5ZDzD1dv+Cy3QTSqGpslDcB+FSXGyMeBn+Lpv77AlDHyE4MA==",
			"license": "MIT"
		},
		"node_modules/@types/node": {
			"version": "18.19.130",
			"resolved": "https://registry.npmjs.org/@types/node/-/node-18.19.130.tgz",
			"integrity": "sha512-GRaXQx6jGfL8sKfaIDD6OupbIHBr9jv7Jnaml9tB7l4v068PAOXqfcujMMo5PhbIs6ggR1XODELqahT2R8v0fg==",
			"dev": true,
			"license": "MIT",
			"dependencies": {
				"undici-types": "~5.26.4"
			}
		},
		"node_modules/@types/vscode": {
			"version": "1.116.0",
			"resolved": "https://registry.npmjs.org/@types/vscode/-/vscode-1.116.0.tgz",
			"integrity": "sha512-sYHp4MO6BqJ2PD7Hjt0hlIS3tMaYsVPJrd0RUjDJ8HtOYnyJIEej0bLSccM8rE77WrC+Xox/kdBwEFDO8MsxNA==",
			"dev": true,
			"license": "MIT"
		},
		"node_modules/typescript": {
			"version": "5.9.3",
			"resolved": "https://registry.npmjs.org/typescript/-/typescript-5.9.3.tgz",
			"integrity": "sha512-jl1vZzPDinLr9eUt3J/t7V6FgNEw9QjvBPdysz9KfQDD41fQrC2Y4vKQdiaUpFT4bXlb1RHhLpp8wtm6M5TgSw==",
			"dev": true,
			"license": "Apache-2.0",
			"bin": {
				"tsc": "bin/tsc",
				"tsserver": "bin/tsserver"
			},
			"engines": {
				"node": ">=14.17"
			}
		},
		"node_modules/undici-types": {
			"version": "5.26.5",
			"resolved": "https://registry.npmjs.org/undici-types/-/undici-types-5.26.5.tgz",
			"integrity": "sha512-JlCMO+ehdEIKqlFxk6IfVoAUVmgz7cU7zD/h9XZ0qzeosSHmUJVOzSQvvYSYWXkFXC+IfLKSIffhv0sVZup6pA==",
			"dev": true,
			"license": "MIT"
		}
	}
}
